<?xml version="1.0" encoding="utf-8"?>
<Project ToolsVersion="4.0" xmlns="http://schemas.microsoft.com/developer/msbuild/2003">
  <ItemGroup>
    <Filter Include="Resource Files">
      <UniqueIdentifier>{67DA6AB6-F800-4c08-8B7A-83BB121AAD01}</UniqueIdentifier>
      <Extensions>rc;ico;cur;bmp;dlg;rc2;rct;bin;rgs;gif;jpg;jpeg;jpe;resx;tiff;tif;png;wav;mfcribbon-ms</Extensions>
    </Filter>
    <Filter Include="Shaders">
      <UniqueIdentifier>{39d35e0e-fb3a-4434-a6b8-c4f29ea08290}</UniqueIdentifier>
      <Extensions>glsl</Extensions>
    </Filter>
    <Filter Include="imgui">
      <UniqueIdentifier>{f88cd82b-b785-42ef-9dfa-ebd0853c7d75}</UniqueIdentifier>
    </Filter>
    <Filter Include="GameObjects">
      <UniqueIdentifier>{69ec7c7b-9b7a-446f-9ac9-36652561684f}</UniqueIdentifier>
    </Filter>
    <Filter Include="Persons">
      <UniqueIdentifier>{dcf83d0e-bb13-4058-ae9e-45e651e2dcb6}</UniqueIdentifier>
    </Filter>
    <Filter Include="States">
      <UniqueIdentifier>{b88f97ad-cf3f-4691-832e-397b2e13c14d}</UniqueIdentifier>
    </Filter>
    <Filter Include="Core">
      <UniqueIdentifier>{4FC737F1-C7A5-4376-A066-2A32D752A2FF}</UniqueIdentifier>
      <Extensions>cpp;c;cc;cxx;def;odl;idl;hpj;bat;asm;asmx</Extensions>
    </Filter>
  </ItemGroup>
  <ItemGroup>
    <ClInclude Include="imgui\imgui_impl_glfw_gl3.h">
      <Filter>imgui</Filter>
    </ClInclude>
    <ClInclude Include="imgui\stb_rect_pack.h">
      <Filter>imgui</Filter>
    </ClInclude>
    <ClInclude Include="imgui\stb_textedit.h">
      <Filter>imgui</Filter>
    </ClInclude>
    <ClInclude Include="imgui\stb_truetype.h">
      <Filter>imgui</Filter>
    </ClInclude>
    <ClInclude Include="imgui\imconfig.h">
      <Filter>imgui</Filter>
    </ClInclude>
    <ClInclude Include="imgui\imgui.h">
      <Filter>imgui</Filter>
    </ClInclude>
    <ClInclude Include="GameObject.h">
      <Filter>GameObjects</Filter>
    </ClInclude>
    <ClInclude Include="GameObjectChair.h">
      <Filter>GameObjects</Filter>
    </ClInclude>
    <ClInclude Include="GameObjectPodium.h">
      <Filter>GameObjects</Filter>
    </ClInclude>
    <ClInclude Include="GameObjectStove.h">
      <Filter>GameObjects</Filter>
    </ClInclude>
    <ClInclude Include="GameObjectTable.h">
      <Filter>GameObjects</Filter>
    </ClInclude>
    <ClInclude Include="Employee.h">
      <Filter>Persons</Filter>
    </ClInclude>
    <ClInclude Include="Patron.h">
      <Filter>Persons</Filter>
    </ClInclude>
    <ClInclude Include="Person.h">
      <Filter>Persons</Filter>
    </ClInclude>
    <ClInclude Include="GameState.h">
      <Filter>States</Filter>
    </ClInclude>
    <ClInclude Include="EditState.h">
      <Filter>States</Filter>
    </ClInclude>
    <ClInclude Include="StateManager.h">
      <Filter>States</Filter>
    </ClInclude>
    <ClInclude Include="PlayState.h">
      <Filter>States</Filter>
    </ClInclude>
    <ClInclude Include="TimeManager.h">
      <Filter>Core</Filter>
    </ClInclude>
    <ClInclude Include="AnimEvaluator.h">
      <Filter>Core</Filter>
    </ClInclude>
    <ClInclude Include="Area.h">
      <Filter>Core</Filter>
    </ClInclude>
    <ClInclude Include="Camera.h">
      <Filter>Core</Filter>
    </ClInclude>
    <ClInclude Include="CubeMap.h">
      <Filter>Core</Filter>
    </ClInclude>
    <ClInclude Include="Floor.h">
      <Filter>Core</Filter>
    </ClInclude>
    <ClInclude Include="Globals.h">
      <Filter>Core</Filter>
    </ClInclude>
    <ClInclude Include="Logger.h">
      <Filter>Core</Filter>
    </ClInclude>
    <ClInclude Include="Main.h">
      <Filter>Core</Filter>
    </ClInclude>
    <ClInclude Include="MeshLoader.h">
      <Filter>Core</Filter>
    </ClInclude>
    <ClInclude Include="Model.h">
      <Filter>Core</Filter>
    </ClInclude>
    <ClInclude Include="Raycast.h">
      <Filter>Core</Filter>
    </ClInclude>
    <ClInclude Include="SceneAnimator.h">
      <Filter>Core</Filter>
    </ClInclude>
    <ClInclude Include="Shader.h">
      <Filter>Core</Filter>
    </ClInclude>
    <ClInclude Include="stb_image.h">
      <Filter>Core</Filter>
    </ClInclude>
  </ItemGroup>
  <ItemGroup>
    <ClCompile Include="Main.cpp">
      <Filter>Core</Filter>
    </ClCompile>
    <ClCompile Include="Camera.cpp">
      <Filter>Core</Filter>
    </ClCompile>
    <ClCompile Include="Shader.cpp">
      <Filter>Core</Filter>
    </ClCompile>
    <ClCompile Include="Model.cpp">
      <Filter>Core</Filter>
    </ClCompile>
    <ClCompile Include="CubeMap.cpp">
      <Filter>Core</Filter>
    </ClCompile>
    <ClCompile Include="Logger.cpp">
      <Filter>Core</Filter>
    </ClCompile>
    <ClCompile Include="MeshLoader.cpp">
      <Filter>Core</Filter>
    </ClCompile>
    <ClCompile Include="SceneAnimator.cpp">
      <Filter>Core</Filter>
    </ClCompile>
    <ClCompile Include="AnimEvaluator.cpp">
      <Filter>Core</Filter>
    </ClCompile>
    <ClCompile Include="Area.cpp">
      <Filter>Core</Filter>
    </ClCompile>
    <ClCompile Include="Floor.cpp">
      <Filter>Core</Filter>
    </ClCompile>
    <ClCompile Include="Raycast.cpp">
      <Filter>Core</Filter>
    </ClCompile>
    <ClCompile Include="TimeManager.cpp">
      <Filter>Core</Filter>
    </ClCompile>
    <ClCompile Include="Globals.cpp">
      <Filter>Core</Filter>
    </ClCompile>
    <ClCompile Include="imgui\imgui_impl_glfw_gl3.cpp">
      <Filter>imgui</Filter>
    </ClCompile>
    <ClCompile Include="imgui\imgui.cpp">
      <Filter>imgui</Filter>
    </ClCompile>
    <ClCompile Include="GameObjectChair.cpp">
      <Filter>GameObjects</Filter>
    </ClCompile>
    <ClCompile Include="GameObjectPodium.cpp">
      <Filter>GameObjects</Filter>
    </ClCompile>
    <ClCompile Include="GameObjectStove.cpp">
      <Filter>GameObjects</Filter>
    </ClCompile>
    <ClCompile Include="GameObjectTable.cpp">
      <Filter>GameObjects</Filter>
    </ClCompile>
    <ClCompile Include="Patron.cpp">
      <Filter>Persons</Filter>
    </ClCompile>
    <ClCompile Include="Person.cpp">
      <Filter>Persons</Filter>
    </ClCompile>
    <ClCompile Include="Employee.cpp">
      <Filter>Persons</Filter>
    </ClCompile>
    <ClCompile Include="EditState.cpp">
      <Filter>States</Filter>
    </ClCompile>
    <ClCompile Include="PlayState.cpp">
      <Filter>States</Filter>
    </ClCompile>
    <ClCompile Include="StateManager.cpp">
      <Filter>States</Filter>
    </ClCompile>
    <ClCompile Include="GameObject.cpp">
      <Filter>GameObjects</Filter>
    </ClCompile>
  </ItemGroup>
  <ItemGroup>
    <None Include="Shaders\Shader_fs.glsl">
      <Filter>Shaders</Filter>
    </None>
    <None Include="Shaders\Shader_vs.glsl">
      <Filter>Shaders</Filter>
    </None>
    <None Include="Shaders\Skybox_fs.glsl">
      <Filter>Shaders</Filter>
    </None>
    <None Include="Shaders\Skybox_vs.glsl">
      <Filter>Shaders</Filter>
    </None>
    <None Include="Shaders\Banana_fs.glsl">
      <Filter>Shaders</Filter>
    </None>
    <None Include="Shaders\Banana_vs.glsl">
      <Filter>Shaders</Filter>
    </None>
  </ItemGroup>
</Project>